Microsoft Visual Studio Solution File, Format Version 11.00
# Visual Studio 2008

Project("{9A4F3D70-2FFD-7E8D-8055-3852FC8E377B}") = "4D-Simulator-Unity3D", "Assembly-CSharp.csproj", "{E3A49A65-361E-594B-4977-31A4919B3AA7}"
EndProject
Global
	GlobalSection(SolutionConfigurationPlatforms) = preSolution
		Debug|Any CPU = Debug|Any CPU
		Release|Any CPU = Release|Any CPU
	EndGlobalSection
	GlobalSection(ProjectConfigurationPlatforms) = postSolution
		{E3A49A65-361E-594B-4977-31A4919B3AA7}.Debug|Any CPU.ActiveCfg = Debug|Any CPU
		{E3A49A65-361E-594B-4977-31A4919B3AA7}.Debug|Any CPU.Build.0 = Debug|Any CPU
		{E3A49A65-361E-594B-4977-31A4919B3AA7}.Release|Any CPU.ActiveCfg = Release|Any CPU
		{E3A49A65-361E-594B-4977-31A4919B3AA7}.Release|Any CPU.Build.0 = Release|Any CPU
	EndGlobalSection
	GlobalSection(SolutionProperties) = preSolution
		HideSolutionNode = FALSE
	EndGlobalSection
	GlobalSection(MonoDevelopProperties) = preSolution
		StartupItem = Assembly-CSharp.csproj
	EndGlobalSection
EndGlobal
