
Microsoft Visual Studio Solution File, Format Version 12.00
# Visual Studio 2015
Project("{FAE04EC0-301F-11D3-BF4B-00C04F79EFBC}") = "4D-Simulator-Unity3D.CSharp", "4D-Simulator-Unity3D.CSharp.csproj", "{6E2F7BF1-D0A3-C5D0-A15F-48CB24123E05}"
EndProject
Global
	GlobalSection(SolutionConfigurationPlatforms) = preSolution
		Debug|Any CPU = Debug|Any CPU
		Release|Any CPU = Release|Any CPU
	EndGlobalSection
	GlobalSection(ProjectConfigurationPlatforms) = postSolution
		{6E2F7BF1-D0A3-C5D0-A15F-48CB24123E05}.Debug|Any CPU.ActiveCfg = Debug|Any CPU
		{6E2F7BF1-D0A3-C5D0-A15F-48CB24123E05}.Debug|Any CPU.Build.0 = Debug|Any CPU
		{6E2F7BF1-D0A3-C5D0-A15F-48CB24123E05}.Release|Any CPU.ActiveCfg = Release|Any CPU
		{6E2F7BF1-D0A3-C5D0-A15F-48CB24123E05}.Release|Any CPU.Build.0 = Release|Any CPU
	EndGlobalSection
	GlobalSection(SolutionProperties) = preSolution
		HideSolutionNode = FALSE
	EndGlobalSection
EndGlobal
