Microsoft Visual Studio Solution File, Format Version 11.00
# Visual Studio 2008

Project("{4129F7DC-32AF-592F-7156-60A560FC69EB}") = "4D", "Assembly-CSharp.csproj", "{F8151E27-9336-BC4E-F917-25AA5B247309}"
EndProject
Global
	GlobalSection(SolutionConfigurationPlatforms) = preSolution
		Debug|Any CPU = Debug|Any CPU
		Release|Any CPU = Release|Any CPU
	EndGlobalSection
	GlobalSection(ProjectConfigurationPlatforms) = postSolution
		{F8151E27-9336-BC4E-F917-25AA5B247309}.Debug|Any CPU.ActiveCfg = Debug|Any CPU
		{F8151E27-9336-BC4E-F917-25AA5B247309}.Debug|Any CPU.Build.0 = Debug|Any CPU
		{F8151E27-9336-BC4E-F917-25AA5B247309}.Release|Any CPU.ActiveCfg = Release|Any CPU
		{F8151E27-9336-BC4E-F917-25AA5B247309}.Release|Any CPU.Build.0 = Release|Any CPU
	EndGlobalSection
	GlobalSection(SolutionProperties) = preSolution
		HideSolutionNode = FALSE
	EndGlobalSection
	GlobalSection(MonoDevelopProperties) = preSolution
		StartupItem = Assembly-CSharp.csproj
	EndGlobalSection
EndGlobal
